
Microsoft Visual Studio Solution File, Format Version 12.00
# Visual Studio Version 17
VisualStudioVersion = 17.6.33815.320
MinimumVisualStudioVersion = 10.0.40219.1
Project("{FAE04EC0-301F-11D3-BF4B-00C04F79EFBC}") = "TurboAzureTask", "TurboAzureTask\TurboAzureTask.csproj", "{3B24B6B2-EE34-48E5-9606-1AE0956378B9}"
EndProject
Global
	GlobalSection(SolutionConfigurationPlatforms) = preSolution
		Debug|Any CPU = Debug|Any CPU
		Release|Any CPU = Release|Any CPU
	EndGlobalSection
	GlobalSection(ProjectConfigurationPlatforms) = postSolution
		{3B24B6B2-EE34-48E5-9606-1AE0956378B9}.Debug|Any CPU.ActiveCfg = Debug|Any CPU
		{3B24B6B2-EE34-48E5-9606-1AE0956378B9}.Debug|Any CPU.Build.0 = Debug|Any CPU
		{3B24B6B2-EE34-48E5-9606-1AE0956378B9}.Release|Any CPU.ActiveCfg = Release|Any CPU
		{3B24B6B2-EE34-48E5-9606-1AE0956378B9}.Release|Any CPU.Build.0 = Release|Any CPU
	EndGlobalSection
	GlobalSection(SolutionProperties) = preSolution
		HideSolutionNode = FALSE
	EndGlobalSection
	GlobalSection(ExtensibilityGlobals) = postSolution
		SolutionGuid = {D1D641E6-EC58-440B-A11F-4302323A99C5}
	EndGlobalSection
EndGlobal
